// !$*UTF8*$!
{
	archiveVersion = 1;
	classes = {
	};
	objectVersion = 55;
	objects = {

/* Begin PBXBuildFile section */
		042440CD29B3506B00AC667F /* AppDelegate.swift in Sources */ = {isa = PBXBuildFile; fileRef = 042440CC29B3506B00AC667F /* AppDelegate.swift */; };
		042440CF29B3506B00AC667F /* SceneDelegate.swift in Sources */ = {isa = PBXBuildFile; fileRef = 042440CE29B3506B00AC667F /* SceneDelegate.swift */; };
		042440D129B3506B00AC667F /* CategoryViewController.swift in Sources */ = {isa = PBXBuildFile; fileRef = 042440D029B3506B00AC667F /* CategoryViewController.swift */; };
		042440D429B3506B00AC667F /* Main.storyboard in Resources */ = {isa = PBXBuildFile; fileRef = 042440D229B3506B00AC667F /* Main.storyboard */; };
		042440D629B3507200AC667F /* Assets.xcassets in Resources */ = {isa = PBXBuildFile; fileRef = 042440D529B3507200AC667F /* Assets.xcassets */; };
		042440D929B3507200AC667F /* LaunchScreen.storyboard in Resources */ = {isa = PBXBuildFile; fileRef = 042440D729B3507200AC667F /* LaunchScreen.storyboard */; };
		042440E129B3558800AC667F /* ToDoListViewController.swift in Sources */ = {isa = PBXBuildFile; fileRef = 042440E029B3558800AC667F /* ToDoListViewController.swift */; };
		042440E329B358DA00AC667F /* Item.swift in Sources */ = {isa = PBXBuildFile; fileRef = 042440E229B358DA00AC667F /* Item.swift */; };
		042440E529B358F600AC667F /* Category.swift in Sources */ = {isa = PBXBuildFile; fileRef = 042440E429B358F600AC667F /* Category.swift */; };
		E64B92CE1B9EBD0D294D1751 /* Pods_ToDoey.framework in Frameworks */ = {isa = PBXBuildFile; fileRef = CF200E0FF2DD0651031A1153 /* Pods_ToDoey.framework */; };
/* End PBXBuildFile section */

/* Begin PBXFileReference section */
		042440C929B3506B00AC667F /* ToDoey.app */ = {isa = PBXFileReference; explicitFileType = wrapper.application; includeInIndex = 0; path = ToDoey.app; sourceTree = BUILT_PRODUCTS_DIR; };
		042440CC29B3506B00AC667F /* AppDelegate.swift */ = {isa = PBXFileReference; lastKnownFileType = sourcecode.swift; path = AppDelegate.swift; sourceTree = "<group>"; };
		042440CE29B3506B00AC667F /* SceneDelegate.swift */ = {isa = PBXFileReference; lastKnownFileType = sourcecode.swift; path = SceneDelegate.swift; sourceTree = "<group>"; };
		042440D029B3506B00AC667F /* CategoryViewController.swift */ = {isa = PBXFileReference; lastKnownFileType = sourcecode.swift; path = CategoryViewController.swift; sourceTree = "<group>"; };
		042440D329B3506B00AC667F /* Base */ = {isa = PBXFileReference; lastKnownFileType = file.storyboard; name = Base; path = Base.lproj/Main.storyboard; sourceTree = "<group>"; };
		042440D529B3507200AC667F /* Assets.xcassets */ = {isa = PBXFileReference; lastKnownFileType = folder.assetcatalog; path = Assets.xcassets; sourceTree = "<group>"; };
		042440D829B3507200AC667F /* Base */ = {isa = PBXFileReference; lastKnownFileType = file.storyboard; name = Base; path = Base.lproj/LaunchScreen.storyboard; sourceTree = "<group>"; };
		042440DA29B3507200AC667F /* Info.plist */ = {isa = PBXFileReference; lastKnownFileType = text.plist.xml; path = Info.plist; sourceTree = "<group>"; };
		042440E029B3558800AC667F /* ToDoListViewController.swift */ = {isa = PBXFileReference; lastKnownFileType = sourcecode.swift; path = ToDoListViewController.swift; sourceTree = "<group>"; };
		042440E229B358DA00AC667F /* Item.swift */ = {isa = PBXFileReference; lastKnownFileType = sourcecode.swift; path = Item.swift; sourceTree = "<group>"; };
		042440E429B358F600AC667F /* Category.swift */ = {isa = PBXFileReference; lastKnownFileType = sourcecode.swift; path = Category.swift; sourceTree = "<group>"; };
		5AC822A995532F49CA5C0895 /* Pods-ToDoey.release.xcconfig */ = {isa = PBXFileReference; includeInIndex = 1; lastKnownFileType = text.xcconfig; name = "Pods-ToDoey.release.xcconfig"; path = "Target Support Files/Pods-ToDoey/Pods-ToDoey.release.xcconfig"; sourceTree = "<group>"; };
		9678FE63E1CAE908AE7001CB /* Pods-ToDoey.debug.xcconfig */ = {isa = PBXFileReference; includeInIndex = 1; lastKnownFileType = text.xcconfig; name = "Pods-ToDoey.debug.xcconfig"; path = "Target Support Files/Pods-ToDoey/Pods-ToDoey.debug.xcconfig"; sourceTree = "<group>"; };
		CF200E0FF2DD0651031A1153 /* Pods_ToDoey.framework */ = {isa = PBXFileReference; explicitFileType = wrapper.framework; includeInIndex = 0; path = Pods_ToDoey.framework; sourceTree = BUILT_PRODUCTS_DIR; };
/* End PBXFileReference section */

/* Begin PBXFrameworksBuildPhase section */
		042440C629B3506B00AC667F /* Frameworks */ = {
			isa = PBXFrameworksBuildPhase;
			buildActionMask = 2147483647;
			files = (
				E64B92CE1B9EBD0D294D1751 /* Pods_ToDoey.framework in Frameworks */,
			);
			runOnlyForDeploymentPostprocessing = 0;
		};
/* End PBXFrameworksBuildPhase section */

/* Begin PBXGroup section */
		042440C029B3506B00AC667F = {
			isa = PBXGroup;
			children = (
				042440CB29B3506B00AC667F /* ToDoey */,
				042440CA29B3506B00AC667F /* Products */,
				EF0CF1416B57CE5E3BF3E929 /* Pods */,
				53ED7A9AB62E68D7BA0490DC /* Frameworks */,
			);
			sourceTree = "<group>";
		};
		042440CA29B3506B00AC667F /* Products */ = {
			isa = PBXGroup;
			children = (
				042440C929B3506B00AC667F /* ToDoey.app */,
			);
			name = Products;
			sourceTree = "<group>";
		};
		042440CB29B3506B00AC667F /* ToDoey */ = {
			isa = PBXGroup;
			children = (
				042440CC29B3506B00AC667F /* AppDelegate.swift */,
				042440CE29B3506B00AC667F /* SceneDelegate.swift */,
				042440D029B3506B00AC667F /* CategoryViewController.swift */,
				042440D229B3506B00AC667F /* Main.storyboard */,
				042440E029B3558800AC667F /* ToDoListViewController.swift */,
				042440E229B358DA00AC667F /* Item.swift */,
				042440E429B358F600AC667F /* Category.swift */,
				042440D529B3507200AC667F /* Assets.xcassets */,
				042440D729B3507200AC667F /* LaunchScreen.storyboard */,
				042440DA29B3507200AC667F /* Info.plist */,
			);
			path = ToDoey;
			sourceTree = "<group>";
		};
		53ED7A9AB62E68D7BA0490DC /* Frameworks */ = {
			isa = PBXGroup;
			children = (
				CF200E0FF2DD0651031A1153 /* Pods_ToDoey.framework */,
			);
			name = Frameworks;
			sourceTree = "<group>";
		};
		EF0CF1416B57CE5E3BF3E929 /* Pods */ = {
			isa = PBXGroup;
			children = (
				9678FE63E1CAE908AE7001CB /* Pods-ToDoey.debug.xcconfig */,
				5AC822A995532F49CA5C0895 /* Pods-ToDoey.release.xcconfig */,
			);
			path = Pods;
			sourceTree = "<group>";
		};
/* End PBXGroup section */

/* Begin PBXNativeTarget section */
		042440C829B3506B00AC667F /* ToDoey */ = {
			isa = PBXNativeTarget;
			buildConfigurationList = 042440DD29B3507200AC667F /* Build configuration list for PBXNativeTarget "ToDoey" */;
			buildPhases = (
				D7A33A9B9EB9077CC1840A2B /* [CP] Check Pods Manifest.lock */,
				042440C529B3506B00AC667F /* Sources */,
				042440C629B3506B00AC667F /* Frameworks */,
				042440C729B3506B00AC667F /* Resources */,
				671181E7AD51C824F311A0AB /* [CP] Embed Pods Frameworks */,
			);
			buildRules = (
			);
			dependencies = (
			);
			name = ToDoey;
			productName = ToDoey;
			productReference = 042440C929B3506B00AC667F /* ToDoey.app */;
			productType = "com.apple.product-type.application";
		};
/* End PBXNativeTarget section */

/* Begin PBXProject section */
		042440C129B3506B00AC667F /* Project object */ = {
			isa = PBXProject;
			attributes = {
				BuildIndependentTargetsInParallel = 1;
				LastSwiftUpdateCheck = 1320;
				LastUpgradeCheck = 1320;
				TargetAttributes = {
					042440C829B3506B00AC667F = {
						CreatedOnToolsVersion = 13.2.1;
					};
				};
			};
			buildConfigurationList = 042440C429B3506B00AC667F /* Build configuration list for PBXProject "ToDoey" */;
			compatibilityVersion = "Xcode 13.0";
			developmentRegion = en;
			hasScannedForEncodings = 0;
			knownRegions = (
				en,
				Base,
			);
			mainGroup = 042440C029B3506B00AC667F;
			productRefGroup = 042440CA29B3506B00AC667F /* Products */;
			projectDirPath = "";
			projectRoot = "";
			targets = (
				042440C829B3506B00AC667F /* ToDoey */,
			);
		};
/* End PBXProject section */

/* Begin PBXResourcesBuildPhase section */
		042440C729B3506B00AC667F /* Resources */ = {
			isa = PBXResourcesBuildPhase;
			buildActionMask = 2147483647;
			files = (
				042440D929B3507200AC667F /* LaunchScreen.storyboard in Resources */,
				042440D629B3507200AC667F /* Assets.xcassets in Resources */,
				042440D429B3506B00AC667F /* Main.storyboard in Resources */,
			);
			runOnlyForDeploymentPostprocessing = 0;
		};
/* End PBXResourcesBuildPhase section */

/* Begin PBXShellScriptBuildPhase section */
		671181E7AD51C824F311A0AB /* [CP] Embed Pods Frameworks */ = {
			isa = PBXShellScriptBuildPhase;
			buildActionMask = 2147483647;
			files = (
			);
			inputFileListPaths = (
				"${PODS_ROOT}/Target Support Files/Pods-ToDoey/Pods-ToDoey-frameworks-${CONFIGURATION}-input-files.xcfilelist",
			);
			name = "[CP] Embed Pods Frameworks";
			outputFileListPaths = (
				"${PODS_ROOT}/Target Support Files/Pods-ToDoey/Pods-ToDoey-frameworks-${CONFIGURATION}-output-files.xcfilelist",
			);
			runOnlyForDeploymentPostprocessing = 0;
			shellPath = /bin/sh;
			shellScript = "\"${PODS_ROOT}/Target Support Files/Pods-ToDoey/Pods-ToDoey-frameworks.sh\"\n";
			showEnvVarsInLog = 0;
		};
		D7A33A9B9EB9077CC1840A2B /* [CP] Check Pods Manifest.lock */ = {
			isa = PBXShellScriptBuildPhase;
			buildActionMask = 2147483647;
			files = (
			);
			inputFileListPaths = (
			);
			inputPaths = (
				"${PODS_PODFILE_DIR_PATH}/Podfile.lock",
				"${PODS_ROOT}/Manifest.lock",
			);
			name = "[CP] Check Pods Manifest.lock";
			outputFileListPaths = (
			);
			outputPaths = (
				"$(DERIVED_FILE_DIR)/Pods-ToDoey-checkManifestLockResult.txt",
			);
			runOnlyForDeploymentPostprocessing = 0;
			shellPath = /bin/sh;
			shellScript = "diff \"${PODS_PODFILE_DIR_PATH}/Podfile.lock\" \"${PODS_ROOT}/Manifest.lock\" > /dev/null\nif [ $? != 0 ] ; then\n    # print error to STDERR\n    echo \"error: The sandbox is not in sync with the Podfile.lock. Run 'pod install' or update your CocoaPods installation.\" >&2\n    exit 1\nfi\n# This output is used by Xcode 'outputs' to avoid re-running this script phase.\necho \"SUCCESS\" > \"${SCRIPT_OUTPUT_FILE_0}\"\n";
			showEnvVarsInLog = 0;
		};
/* End PBXShellScriptBuildPhase section */

/* Begin PBXSourcesBuildPhase section */
		042440C529B3506B00AC667F /* Sources */ = {
			isa = PBXSourcesBuildPhase;
			buildActionMask = 2147483647;
			files = (
				042440E329B358DA00AC667F /* Item.swift in Sources */,
				042440E129B3558800AC667F /* ToDoListViewController.swift in Sources */,
				042440D129B3506B00AC667F /* CategoryViewController.swift in Sources */,
				042440CD29B3506B00AC667F /* AppDelegate.swift in Sources */,
				042440CF29B3506B00AC667F /* SceneDelegate.swift in Sources */,
				042440E529B358F600AC667F /* Category.swift in Sources */,
			);
			runOnlyForDeploymentPostprocessing = 0;
		};
/* End PBXSourcesBuildPhase section */

/* Begin PBXVariantGroup section */
		042440D229B3506B00AC667F /* Main.storyboard */ = {
			isa = PBXVariantGroup;
			children = (
				042440D329B3506B00AC667F /* Base */,
			);
			name = Main.storyboard;
			sourceTree = "<group>";
		};
		042440D729B3507200AC667F /* LaunchScreen.storyboard */ = {
			isa = PBXVariantGroup;
			children = (
				042440D829B3507200AC667F /* Base */,
			);
			name = LaunchScreen.storyboard;
			sourceTree = "<group>";
		};
/* End PBXVariantGroup section */

/* Begin XCBuildConfiguration section */
		042440DB29B3507200AC667F /* Debug */ = {
			isa = XCBuildConfiguration;
			buildSettings = {
				ALWAYS_SEARCH_USER_PATHS = NO;
				CLANG_ANALYZER_NONNULL = YES;
				CLANG_ANALYZER_NUMBER_OBJECT_CONVERSION = YES_AGGRESSIVE;
				CLANG_CXX_LANGUAGE_STANDARD = "gnu++17";
				CLANG_CXX_LIBRARY = "libc++";
				CLANG_ENABLE_MODULES = YES;
				CLANG_ENABLE_OBJC_ARC = YES;
				CLANG_ENABLE_OBJC_WEAK = YES;
				CLANG_WARN_BLOCK_CAPTURE_AUTORELEASING = YES;
				CLANG_WARN_BOOL_CONVERSION = YES;
				CLANG_WARN_COMMA = YES;
				CLANG_WARN_CONSTANT_CONVERSION = YES;
				CLANG_WARN_DEPRECATED_OBJC_IMPLEMENTATIONS = YES;
				CLANG_WARN_DIRECT_OBJC_ISA_USAGE = YES_ERROR;
				CLANG_WARN_DOCUMENTATION_COMMENTS = YES;
				CLANG_WARN_EMPTY_BODY = YES;
				CLANG_WARN_ENUM_CONVERSION = YES;
				CLANG_WARN_INFINITE_RECURSION = YES;
				CLANG_WARN_INT_CONVERSION = YES;
				CLANG_WARN_NON_LITERAL_NULL_CONVERSION = YES;
				CLANG_WARN_OBJC_IMPLICIT_RETAIN_SELF = YES;
				CLANG_WARN_OBJC_LITERAL_CONVERSION = YES;
				CLANG_WARN_OBJC_ROOT_CLASS = YES_ERROR;
				CLANG_WARN_QUOTED_INCLUDE_IN_FRAMEWORK_HEADER = YES;
				CLANG_WARN_RANGE_LOOP_ANALYSIS = YES;
				CLANG_WARN_STRICT_PROTOTYPES = YES;
				CLANG_WARN_SUSPICIOUS_MOVE = YES;
				CLANG_WARN_UNGUARDED_AVAILABILITY = YES_AGGRESSIVE;
				CLANG_WARN_UNREACHABLE_CODE = YES;
				CLANG_WARN__DUPLICATE_METHOD_MATCH = YES;
				COPY_PHASE_STRIP = NO;
				DEBUG_INFORMATION_FORMAT = dwarf;
				ENABLE_STRICT_OBJC_MSGSEND = YES;
				ENABLE_TESTABILITY = YES;
				GCC_C_LANGUAGE_STANDARD = gnu11;
				GCC_DYNAMIC_NO_PIC = NO;
				GCC_NO_COMMON_BLOCKS = YES;
				GCC_OPTIMIZATION_LEVEL = 0;
				GCC_PREPROCESSOR_DEFINITIONS = (
					"DEBUG=1",
					"$(inherited)",
				);
				GCC_WARN_64_TO_32_BIT_CONVERSION = YES;
				GCC_WARN_ABOUT_RETURN_TYPE = YES_ERROR;
				GCC_WARN_UNDECLARED_SELECTOR = YES;
				GCC_WARN_UNINITIALIZED_AUTOS = YES_AGGRESSIVE;
				GCC_WARN_UNUSED_FUNCTION = YES;
				GCC_WARN_UNUSED_VARIABLE = YES;
				IPHONEOS_DEPLOYMENT_TARGET = 15.2;
				MTL_ENABLE_DEBUG_INFO = INCLUDE_SOURCE;
				MTL_FAST_MATH = YES;
				ONLY_ACTIVE_ARCH = YES;
				SDKROOT = iphoneos;
				SWIFT_ACTIVE_COMPILATION_CONDITIONS = DEBUG;
				SWIFT_OPTIMIZATION_LEVEL = "-Onone";
			};
			name = Debug;
		};
		042440DC29B3507200AC667F /* Release */ = {
			isa = XCBuildConfiguration;
			buildSettings = {
				ALWAYS_SEARCH_USER_PATHS = NO;
				CLANG_ANALYZER_NONNULL = YES;
				CLANG_ANALYZER_NUMBER_OBJECT_CONVERSION = YES_AGGRESSIVE;
				CLANG_CXX_LANGUAGE_STANDARD = "gnu++17";
				CLANG_CXX_LIBRARY = "libc++";
				CLANG_ENABLE_MODULES = YES;
				CLANG_ENABLE_OBJC_ARC = YES;
				CLANG_ENABLE_OBJC_WEAK = YES;
				CLANG_WARN_BLOCK_CAPTURE_AUTORELEASING = YES;
				CLANG_WARN_BOOL_CONVERSION = YES;
				CLANG_WARN_COMMA = YES;
				CLANG_WARN_CONSTANT_CONVERSION = YES;
				CLANG_WARN_DEPRECATED_OBJC_IMPLEMENTATIONS = YES;
				CLANG_WARN_DIRECT_OBJC_ISA_USAGE = YES_ERROR;
				CLANG_WARN_DOCUMENTATION_COMMENTS = YES;
				CLANG_WARN_EMPTY_BODY = YES;
				CLANG_WARN_ENUM_CONVERSION = YES;
				CLANG_WARN_INFINITE_RECURSION = YES;
				CLANG_WARN_INT_CONVERSION = YES;
				CLANG_WARN_NON_LITERAL_NULL_CONVERSION = YES;
				CLANG_WARN_OBJC_IMPLICIT_RETAIN_SELF = YES;
				CLANG_WARN_OBJC_LITERAL_CONVERSION = YES;
				CLANG_WARN_OBJC_ROOT_CLASS = YES_ERROR;
				CLANG_WARN_QUOTED_INCLUDE_IN_FRAMEWORK_HEADER = YES;
				CLANG_WARN_RANGE_LOOP_ANALYSIS = YES;
				CLANG_WARN_STRICT_PROTOTYPES = YES;
				CLANG_WARN_SUSPICIOUS_MOVE = YES;
				CLANG_WARN_UNGUARDED_AVAILABILITY = YES_AGGRESSIVE;
				CLANG_WARN_UNREACHABLE_CODE = YES;
				CLANG_WARN__DUPLICATE_METHOD_MATCH = YES;
				COPY_PHASE_STRIP = NO;
				DEBUG_INFORMATION_FORMAT = "dwarf-with-dsym";
				ENABLE_NS_ASSERTIONS = NO;
				ENABLE_STRICT_OBJC_MSGSEND = YES;
				GCC_C_LANGUAGE_STANDARD = gnu11;
				GCC_NO_COMMON_BLOCKS = YES;
				GCC_WARN_64_TO_32_BIT_CONVERSION = YES;
				GCC_WARN_ABOUT_RETURN_TYPE = YES_ERROR;
				GCC_WARN_UNDECLARED_SELECTOR = YES;
				GCC_WARN_UNINITIALIZED_AUTOS = YES_AGGRESSIVE;
				GCC_WARN_UNUSED_FUNCTION = YES;
				GCC_WARN_UNUSED_VARIABLE = YES;
				IPHONEOS_DEPLOYMENT_TARGET = 15.2;
				MTL_ENABLE_DEBUG_INFO = NO;
				MTL_FAST_MATH = YES;
				SDKROOT = iphoneos;
				SWIFT_COMPILATION_MODE = wholemodule;
				SWIFT_OPTIMIZATION_LEVEL = "-O";
				VALIDATE_PRODUCT = YES;
			};
			name = Release;
		};
		042440DE29B3507200AC667F /* Debug */ = {
			isa = XCBuildConfiguration;
			baseConfigurationReference = 9678FE63E1CAE908AE7001CB /* Pods-ToDoey.debug.xcconfig */;
			buildSettings = {
				ASSETCATALOG_COMPILER_APPICON_NAME = AppIcon;
				ASSETCATALOG_COMPILER_GLOBAL_ACCENT_COLOR_NAME = AccentColor;
				CODE_SIGN_STYLE = Automatic;
				CURRENT_PROJECT_VERSION = 1;
				DEVELOPMENT_TEAM = 5VK9MGNRY3;
				GENERATE_INFOPLIST_FILE = YES;
				INFOPLIST_FILE = ToDoey/Info.plist;
				INFOPLIST_KEY_UIApplicationSupportsIndirectInputEvents = YES;
				INFOPLIST_KEY_UILaunchStoryboardName = LaunchScreen;
				INFOPLIST_KEY_UIMainStoryboardFile = Main;
				INFOPLIST_KEY_UISupportedInterfaceOrientations_iPad = "UIInterfaceOrientationPortrait UIInterfaceOrientationPortraitUpsideDown UIInterfaceOrientationLandscapeLeft UIInterfaceOrientationLandscapeRight";
				INFOPLIST_KEY_UISupportedInterfaceOrientations_iPhone = "UIInterfaceOrientationPortrait UIInterfaceOrientationLandscapeLeft UIInterfaceOrientationLandscapeRight";
				LD_RUNPATH_SEARCH_PATHS = (
					"$(inherited)",
					"@executable_path/Frameworks",
				);
				MARKETING_VERSION = 1.0;
				PRODUCT_BUNDLE_IDENTIFIER = com.pavelshymanski.ToDoey;
				PRODUCT_NAME = "$(TARGET_NAME)";
				SWIFT_EMIT_LOC_STRINGS = YES;
				SWIFT_VERSION = 5.0;
				TARGETED_DEVICE_FAMILY = "1,2";
			};
			name = Debug;
		};
		042440DF29B3507200AC667F /* Release */ = {
			isa = XCBuildConfiguration;
			baseConfigurationReference = 5AC822A995532F49CA5C0895 /* Pods-ToDoey.release.xcconfig */;
			buildSettings = {
				ASSETCATALOG_COMPILER_APPICON_NAME = AppIcon;
				ASSETCATALOG_COMPILER_GLOBAL_ACCENT_COLOR_NAME = AccentColor;
				CODE_SIGN_STYLE = Automatic;
				CURRENT_PROJECT_VERSION = 1;
				DEVELOPMENT_TEAM = 5VK9MGNRY3;
				GENERATE_INFOPLIST_FILE = YES;
				INFOPLIST_FILE = ToDoey/Info.plist;
				INFOPLIST_KEY_UIApplicationSupportsIndirectInputEvents = YES;
				INFOPLIST_KEY_UILaunchStoryboardName = LaunchScreen;
				INFOPLIST_KEY_UIMainStoryboardFile = Main;
				INFOPLIST_KEY_UISupportedInterfaceOrientations_iPad = "UIInterfaceOrientationPortrait UIInterfaceOrientationPortraitUpsideDown UIInterfaceOrientationLandscapeLeft UIInterfaceOrientationLandscapeRight";
				INFOPLIST_KEY_UISupportedInterfaceOrientations_iPhone = "UIInterfaceOrientationPortrait UIInterfaceOrientationLandscapeLeft UIInterfaceOrientationLandscapeRight";
				LD_RUNPATH_SEARCH_PATHS = (
					"$(inherited)",
					"@executable_path/Frameworks",
				);
				MARKETING_VERSION = 1.0;
				PRODUCT_BUNDLE_IDENTIFIER = com.pavelshymanski.ToDoey;
				PRODUCT_NAME = "$(TARGET_NAME)";
				SWIFT_EMIT_LOC_STRINGS = YES;
				SWIFT_VERSION = 5.0;
				TARGETED_DEVICE_FAMILY = "1,2";
			};
			name = Release;
		};
/* End XCBuildConfiguration section */

/* Begin XCConfigurationList section */
		042440C429B3506B00AC667F /* Build configuration list for PBXProject "ToDoey" */ = {
			isa = XCConfigurationList;
			buildConfigurations = (
				042440DB29B3507200AC667F /* Debug */,
				042440DC29B3507200AC667F /* Release */,
			);
			defaultConfigurationIsVisible = 0;
			defaultConfigurationName = Release;
		};
		042440DD29B3507200AC667F /* Build configuration list for PBXNativeTarget "ToDoey" */ = {
			isa = XCConfigurationList;
			buildConfigurations = (
				042440DE29B3507200AC667F /* Debug */,
				042440DF29B3507200AC667F /* Release */,
			);
			defaultConfigurationIsVisible = 0;
			defaultConfigurationName = Release;
		};
/* End XCConfigurationList section */
	};
	rootObject = 042440C129B3506B00AC667F /* Project object */;
}
